dependencies:
- name: postgresql
  repository: https://charts.bitnami.com/bitnami
  version: 15.3.0
- name: prometheus
  repository: https://prometheus-community.github.io/helm-charts
  version: 25.21.0
digest: sha256:d543a4ea29a1d3154b1ffc951d1a8c05afcbf02fb9d22289231f4eaadc0a879e
generated: "2024-05-13T17:04:51.996607+03:00"
