dependencies:
- name: postgresql
  repository: https://charts.bitnami.com/bitnami
  version: 15.3.3
- name: minio
  repository: https://charts.min.io/
  version: 5.1.0
- name: mariadb-galera
  repository: https://charts.bitnami.com/bitnami
  version: 8.2.9
- name: kafka
  repository: https://charts.bitnami.com/bitnami
  version: 22.0.3
digest: sha256:a13caf553a3fc538d1f079af89e12d682a35713df1da5aea5e5b296ed8574ccf
generated: "2024-05-20T11:53:55.823682+03:00"
