dependencies:
- name: postgresql
  repository: https://charts.bitnami.com/bitnami
  version: 12.11.2
- name: minio
  repository: https://charts.min.io/
  version: 5.1.0
- name: mariadb-galera
  repository: https://charts.bitnami.com/bitnami
  version: 8.2.9
- name: kafka
  repository: https://charts.bitnami.com/bitnami
  version: 22.0.3
- name: mongodb
  repository: https://charts.bitnami.com/bitnami
  version: 13.16.4
- name: redis
  repository: https://charts.bitnami.com/bitnami
  version: 17.0.11
- name: postgresql
  repository: https://charts.bitnami.com/bitnami
  version: 12.9.0
digest: sha256:c488a055f721a458a23f6e9fe47b945673e0d558ce2140035ca4b3a4d6969de7
generated: "2024-05-21T10:38:49.9652+03:00"
